
Microsoft Visual Studio Solution File, Format Version 12.00
# Visual Studio 15
VisualStudioVersion = 15.0.27703.2000
MinimumVisualStudioVersion = 10.0.40219.1
Project("{FAE04EC0-301F-11D3-BF4B-00C04F79EFBC}") = "RepairBays", "Repair Bays\RepairBays.csproj", "{B7D9926B-6832-4B6D-B0C0-C4043DF2FDB2}"
EndProject
Global
	GlobalSection(SolutionConfigurationPlatforms) = preSolution
		Debug|Any CPU = Debug|Any CPU
		Release|Any CPU = Release|Any CPU
	EndGlobalSection
	GlobalSection(ProjectConfigurationPlatforms) = postSolution
		{B7D9926B-6832-4B6D-B0C0-C4043DF2FDB2}.Debug|Any CPU.ActiveCfg = Debug|Any CPU
		{B7D9926B-6832-4B6D-B0C0-C4043DF2FDB2}.Debug|Any CPU.Build.0 = Debug|Any CPU
		{B7D9926B-6832-4B6D-B0C0-C4043DF2FDB2}.Release|Any CPU.ActiveCfg = Release|Any CPU
		{B7D9926B-6832-4B6D-B0C0-C4043DF2FDB2}.Release|Any CPU.Build.0 = Release|Any CPU
	EndGlobalSection
	GlobalSection(SolutionProperties) = preSolution
		HideSolutionNode = FALSE
	EndGlobalSection
	GlobalSection(ExtensibilityGlobals) = postSolution
		SolutionGuid = {E57030CF-97D7-486A-91A3-6600830FCF0A}
	EndGlobalSection
EndGlobal
